
Microsoft Visual Studio Solution File, Format Version 12.00
# Visual Studio Version 18
VisualStudioVersion = 18.0.11018.127 d18.0
MinimumVisualStudioVersion = 10.0.40219.1
Project("{FAE04EC0-301F-11D3-BF4B-00C04F79EFBC}") = "TheAIThingAPI", "TheThingsAIAPI\TheAIThingAPI.csproj", "{493227C1-7981-4153-B287-558D6AAE184F}"
EndProject
Project("{FAE04EC0-301F-11D3-BF4B-00C04F79EFBC}") = "UnifiedNamespaceLib", "UnifiedNamespaceLib\UnifiedNamespaceLib.csproj", "{F2959A80-208E-1841-9D1E-D377D69DE457}"
EndProject
Project("{FAE04EC0-301F-11D3-BF4B-00C04F79EFBC}") = "PowerFxLib", "PowerFxLib\PowerFxLib.csproj", "{C344D60A-CE79-56A9-219A-45C41F30020B}"
EndProject
Project("{FAE04EC0-301F-11D3-BF4B-00C04F79EFBC}") = "ToolsLib", "ToolsLib\ToolsLib.csproj", "{645B8FA8-36A6-F539-894A-B13A9BAEE526}"
EndProject
Project("{2150E333-8FDC-42A3-9474-1A3956D46DE8}") = "Libs", "Libs", "{02EA681E-C7D8-13C7-8484-4AC65E1B71E8}"
EndProject
Project("{FAE04EC0-301F-11D3-BF4B-00C04F79EFBC}") = "TheThingsAIMCP", "TheThingsAIMCP\TheThingsAIMCP.csproj", "{6E444E66-CB79-AC2B-1CF1-39BA2095F6FF}"
EndProject
Global
	GlobalSection(SolutionConfigurationPlatforms) = preSolution
		Debug|Any CPU = Debug|Any CPU
		Release|Any CPU = Release|Any CPU
	EndGlobalSection
	GlobalSection(ProjectConfigurationPlatforms) = postSolution
		{493227C1-7981-4153-B287-558D6AAE184F}.Debug|Any CPU.ActiveCfg = Debug|Any CPU
		{493227C1-7981-4153-B287-558D6AAE184F}.Debug|Any CPU.Build.0 = Debug|Any CPU
		{493227C1-7981-4153-B287-558D6AAE184F}.Release|Any CPU.ActiveCfg = Release|Any CPU
		{493227C1-7981-4153-B287-558D6AAE184F}.Release|Any CPU.Build.0 = Release|Any CPU
		{F2959A80-208E-1841-9D1E-D377D69DE457}.Debug|Any CPU.ActiveCfg = Debug|Any CPU
		{F2959A80-208E-1841-9D1E-D377D69DE457}.Debug|Any CPU.Build.0 = Debug|Any CPU
		{F2959A80-208E-1841-9D1E-D377D69DE457}.Release|Any CPU.ActiveCfg = Release|Any CPU
		{F2959A80-208E-1841-9D1E-D377D69DE457}.Release|Any CPU.Build.0 = Release|Any CPU
		{C344D60A-CE79-56A9-219A-45C41F30020B}.Debug|Any CPU.ActiveCfg = Debug|Any CPU
		{C344D60A-CE79-56A9-219A-45C41F30020B}.Debug|Any CPU.Build.0 = Debug|Any CPU
		{C344D60A-CE79-56A9-219A-45C41F30020B}.Release|Any CPU.ActiveCfg = Release|Any CPU
		{C344D60A-CE79-56A9-219A-45C41F30020B}.Release|Any CPU.Build.0 = Release|Any CPU
		{645B8FA8-36A6-F539-894A-B13A9BAEE526}.Debug|Any CPU.ActiveCfg = Debug|Any CPU
		{645B8FA8-36A6-F539-894A-B13A9BAEE526}.Debug|Any CPU.Build.0 = Debug|Any CPU
		{645B8FA8-36A6-F539-894A-B13A9BAEE526}.Release|Any CPU.ActiveCfg = Release|Any CPU
		{645B8FA8-36A6-F539-894A-B13A9BAEE526}.Release|Any CPU.Build.0 = Release|Any CPU
		{6E444E66-CB79-AC2B-1CF1-39BA2095F6FF}.Debug|Any CPU.ActiveCfg = Debug|Any CPU
		{6E444E66-CB79-AC2B-1CF1-39BA2095F6FF}.Debug|Any CPU.Build.0 = Debug|Any CPU
		{6E444E66-CB79-AC2B-1CF1-39BA2095F6FF}.Release|Any CPU.ActiveCfg = Release|Any CPU
		{6E444E66-CB79-AC2B-1CF1-39BA2095F6FF}.Release|Any CPU.Build.0 = Release|Any CPU
	EndGlobalSection
	GlobalSection(SolutionProperties) = preSolution
		HideSolutionNode = FALSE
	EndGlobalSection
	GlobalSection(NestedProjects) = preSolution
		{F2959A80-208E-1841-9D1E-D377D69DE457} = {02EA681E-C7D8-13C7-8484-4AC65E1B71E8}
		{C344D60A-CE79-56A9-219A-45C41F30020B} = {02EA681E-C7D8-13C7-8484-4AC65E1B71E8}
		{645B8FA8-36A6-F539-894A-B13A9BAEE526} = {02EA681E-C7D8-13C7-8484-4AC65E1B71E8}
	EndGlobalSection
	GlobalSection(ExtensibilityGlobals) = postSolution
		SolutionGuid = {8B8F9189-F016-4D35-8FEF-AF0FC1074D27}
	EndGlobalSection
EndGlobal
